
Microsoft Visual Studio Solution File, Format Version 12.00
# Visual Studio Version 17
VisualStudioVersion = 17.13.35806.99 d17.13
MinimumVisualStudioVersion = 10.0.40219.1
Project("{FAE04EC0-301F-11D3-BF4B-00C04F79EFBC}") = "Presentacion", "Presentacion\Presentacion.csproj", "{45E79BDB-7AED-451C-B7C6-45DF5A8C8A1A}"
EndProject
Project("{FAE04EC0-301F-11D3-BF4B-00C04F79EFBC}") = "Entity", "Entity\Entity.csproj", "{BB29F6E2-ABF9-4C4C-819D-007506E571A3}"
EndProject
Project("{FAE04EC0-301F-11D3-BF4B-00C04F79EFBC}") = "DAL", "DAL\DAL.csproj", "{1E548676-68DD-40DC-AE45-551F7F3524A1}"
EndProject
Project("{FAE04EC0-301F-11D3-BF4B-00C04F79EFBC}") = "BLL", "BLL\BLL.csproj", "{69581853-76D3-4B6B-B0BA-68C4EB53A9EB}"
EndProject
Global
	GlobalSection(SolutionConfigurationPlatforms) = preSolution
		Debug|Any CPU = Debug|Any CPU
		Release|Any CPU = Release|Any CPU
	EndGlobalSection
	GlobalSection(ProjectConfigurationPlatforms) = postSolution
		{45E79BDB-7AED-451C-B7C6-45DF5A8C8A1A}.Debug|Any CPU.ActiveCfg = Debug|Any CPU
		{45E79BDB-7AED-451C-B7C6-45DF5A8C8A1A}.Debug|Any CPU.Build.0 = Debug|Any CPU
		{45E79BDB-7AED-451C-B7C6-45DF5A8C8A1A}.Release|Any CPU.ActiveCfg = Release|Any CPU
		{45E79BDB-7AED-451C-B7C6-45DF5A8C8A1A}.Release|Any CPU.Build.0 = Release|Any CPU
		{BB29F6E2-ABF9-4C4C-819D-007506E571A3}.Debug|Any CPU.ActiveCfg = Debug|Any CPU
		{BB29F6E2-ABF9-4C4C-819D-007506E571A3}.Debug|Any CPU.Build.0 = Debug|Any CPU
		{BB29F6E2-ABF9-4C4C-819D-007506E571A3}.Release|Any CPU.ActiveCfg = Release|Any CPU
		{BB29F6E2-ABF9-4C4C-819D-007506E571A3}.Release|Any CPU.Build.0 = Release|Any CPU
		{1E548676-68DD-40DC-AE45-551F7F3524A1}.Debug|Any CPU.ActiveCfg = Debug|Any CPU
		{1E548676-68DD-40DC-AE45-551F7F3524A1}.Debug|Any CPU.Build.0 = Debug|Any CPU
		{1E548676-68DD-40DC-AE45-551F7F3524A1}.Release|Any CPU.ActiveCfg = Release|Any CPU
		{1E548676-68DD-40DC-AE45-551F7F3524A1}.Release|Any CPU.Build.0 = Release|Any CPU
		{69581853-76D3-4B6B-B0BA-68C4EB53A9EB}.Debug|Any CPU.ActiveCfg = Debug|Any CPU
		{69581853-76D3-4B6B-B0BA-68C4EB53A9EB}.Debug|Any CPU.Build.0 = Debug|Any CPU
		{69581853-76D3-4B6B-B0BA-68C4EB53A9EB}.Release|Any CPU.ActiveCfg = Release|Any CPU
		{69581853-76D3-4B6B-B0BA-68C4EB53A9EB}.Release|Any CPU.Build.0 = Release|Any CPU
	EndGlobalSection
	GlobalSection(SolutionProperties) = preSolution
		HideSolutionNode = FALSE
	EndGlobalSection
	GlobalSection(ExtensibilityGlobals) = postSolution
		SolutionGuid = {C14568DC-4D2C-4FF6-8821-EFD00C6AB778}
	EndGlobalSection
EndGlobal
